
Microsoft Visual Studio Solution File, Format Version 12.00
# Visual Studio Version 16
VisualStudioVersion = 16.0.36422.26
MinimumVisualStudioVersion = 10.0.40219.1
Project("{FAE04EC0-301F-11D3-BF4B-00C04F79EFBC}") = "p2_40_Main_PBA_Tester", "p2_40_Main_PBA_Tester.csproj", "{D9F1566F-7B1E-4CCF-862A-E450A8035B52}"
EndProject
Global
	GlobalSection(SolutionConfigurationPlatforms) = preSolution
		Debug|Any CPU = Debug|Any CPU
		Release|Any CPU = Release|Any CPU
	EndGlobalSection
	GlobalSection(ProjectConfigurationPlatforms) = postSolution
		{D9F1566F-7B1E-4CCF-862A-E450A8035B52}.Debug|Any CPU.ActiveCfg = Debug|Any CPU
		{D9F1566F-7B1E-4CCF-862A-E450A8035B52}.Debug|Any CPU.Build.0 = Debug|Any CPU
		{D9F1566F-7B1E-4CCF-862A-E450A8035B52}.Release|Any CPU.ActiveCfg = Release|Any CPU
		{D9F1566F-7B1E-4CCF-862A-E450A8035B52}.Release|Any CPU.Build.0 = Release|Any CPU
	EndGlobalSection
	GlobalSection(SolutionProperties) = preSolution
		HideSolutionNode = FALSE
	EndGlobalSection
	GlobalSection(ExtensibilityGlobals) = postSolution
		SolutionGuid = {881FE73A-9078-43C5-A923-57267CC3C334}
	EndGlobalSection
EndGlobal
